// !$*UTF8*$!
{
	archiveVersion = 1;
	classes = {
	};
	objectVersion = 56;
	objects = {

/* Begin PBXBuildFile section */
		AA0000000000000000001001 /* LeihgutApp.swift in Sources */ = {isa = PBXBuildFile; fileRef = AA0000000000000000002001 /* LeihgutApp.swift */; };
		AA0000000000000000001002 /* ContentView.swift in Sources */ = {isa = PBXBuildFile; fileRef = AA0000000000000000002002 /* ContentView.swift */; };
		AA0000000000000000001003 /* AppStore.swift in Sources */ = {isa = PBXBuildFile; fileRef = AA0000000000000000002003 /* AppStore.swift */; };
		AA0000000000000000001004 /* Item.swift in Sources */ = {isa = PBXBuildFile; fileRef = AA0000000000000000002004 /* Item.swift */; };
		AA0000000000000000001005 /* Person.swift in Sources */ = {isa = PBXBuildFile; fileRef = AA0000000000000000002005 /* Person.swift */; };
		AA0000000000000000001006 /* Loan.swift in Sources */ = {isa = PBXBuildFile; fileRef = AA0000000000000000002006 /* Loan.swift */; };
		AA0000000000000000001007 /* MoneyDebt.swift in Sources */ = {isa = PBXBuildFile; fileRef = AA0000000000000000002007 /* MoneyDebt.swift */; };
		AA0000000000000000001008 /* DashboardView.swift in Sources */ = {isa = PBXBuildFile; fileRef = AA0000000000000000002008 /* DashboardView.swift */; };
		AA0000000000000000001009 /* ItemsView.swift in Sources */ = {isa = PBXBuildFile; fileRef = AA0000000000000000002009 /* ItemsView.swift */; };
		AA000000000000000000100A /* AddItemView.swift in Sources */ = {isa = PBXBuildFile; fileRef = AA000000000000000000200A /* AddItemView.swift */; };
		AA000000000000000000100B /* LoansView.swift in Sources */ = {isa = PBXBuildFile; fileRef = AA000000000000000000200B /* LoansView.swift */; };
		AA000000000000000000100C /* AddLoanView.swift in Sources */ = {isa = PBXBuildFile; fileRef = AA000000000000000000200C /* AddLoanView.swift */; };
		AA000000000000000000100D /* MoneyView.swift in Sources */ = {isa = PBXBuildFile; fileRef = AA000000000000000000200D /* MoneyView.swift */; };
		AA000000000000000000100E /* AddMoneyDebtView.swift in Sources */ = {isa = PBXBuildFile; fileRef = AA000000000000000000200E /* AddMoneyDebtView.swift */; };
		AA000000000000000000100F /* PersonDetailView.swift in Sources */ = {isa = PBXBuildFile; fileRef = AA000000000000000000200F /* PersonDetailView.swift */; };
		AA0000000000000000001010 /* Assets.xcassets in Resources */ = {isa = PBXBuildFile; fileRef = AA0000000000000000002010 /* Assets.xcassets */; };
/* End PBXBuildFile section */

/* Begin PBXFileReference section */
		AA0000000000000000002001 /* LeihgutApp.swift */ = {isa = PBXFileReference; lastKnownFileType = sourcecode.swift; path = LeihgutApp.swift; sourceTree = "<group>"; };
		AA0000000000000000002002 /* ContentView.swift */ = {isa = PBXFileReference; lastKnownFileType = sourcecode.swift; path = ContentView.swift; sourceTree = "<group>"; };
		AA0000000000000000002003 /* AppStore.swift */ = {isa = PBXFileReference; lastKnownFileType = sourcecode.swift; path = AppStore.swift; sourceTree = "<group>"; };
		AA0000000000000000002004 /* Item.swift */ = {isa = PBXFileReference; lastKnownFileType = sourcecode.swift; path = Item.swift; sourceTree = "<group>"; };
		AA0000000000000000002005 /* Person.swift */ = {isa = PBXFileReference; lastKnownFileType = sourcecode.swift; path = Person.swift; sourceTree = "<group>"; };
		AA0000000000000000002006 /* Loan.swift */ = {isa = PBXFileReference; lastKnownFileType = sourcecode.swift; path = Loan.swift; sourceTree = "<group>"; };
		AA0000000000000000002007 /* MoneyDebt.swift */ = {isa = PBXFileReference; lastKnownFileType = sourcecode.swift; path = MoneyDebt.swift; sourceTree = "<group>"; };
		AA0000000000000000002008 /* DashboardView.swift */ = {isa = PBXFileReference; lastKnownFileType = sourcecode.swift; path = DashboardView.swift; sourceTree = "<group>"; };
		AA0000000000000000002009 /* ItemsView.swift */ = {isa = PBXFileReference; lastKnownFileType = sourcecode.swift; path = ItemsView.swift; sourceTree = "<group>"; };
		AA000000000000000000200A /* AddItemView.swift */ = {isa = PBXFileReference; lastKnownFileType = sourcecode.swift; path = AddItemView.swift; sourceTree = "<group>"; };
		AA000000000000000000200B /* LoansView.swift */ = {isa = PBXFileReference; lastKnownFileType = sourcecode.swift; path = LoansView.swift; sourceTree = "<group>"; };
		AA000000000000000000200C /* AddLoanView.swift */ = {isa = PBXFileReference; lastKnownFileType = sourcecode.swift; path = AddLoanView.swift; sourceTree = "<group>"; };
		AA000000000000000000200D /* MoneyView.swift */ = {isa = PBXFileReference; lastKnownFileType = sourcecode.swift; path = MoneyView.swift; sourceTree = "<group>"; };
		AA000000000000000000200E /* AddMoneyDebtView.swift */ = {isa = PBXFileReference; lastKnownFileType = sourcecode.swift; path = AddMoneyDebtView.swift; sourceTree = "<group>"; };
		AA000000000000000000200F /* PersonDetailView.swift */ = {isa = PBXFileReference; lastKnownFileType = sourcecode.swift; path = PersonDetailView.swift; sourceTree = "<group>"; };
		AA0000000000000000002010 /* Assets.xcassets */ = {isa = PBXFileReference; lastKnownFileType = folder.assetcatalog; path = Assets.xcassets; sourceTree = "<group>"; };
		AA0000000000000000002099 /* Leihgut.app */ = {isa = PBXFileReference; explicitFileType = wrapper.application; includeInIndex = 0; path = Leihgut.app; sourceTree = BUILT_PRODUCTS_DIR; };
/* End PBXFileReference section */

/* Begin PBXFrameworksBuildPhase section */
		AA00000000000000000050AA /* Frameworks */ = {
			isa = PBXFrameworksBuildPhase;
			buildActionMask = 2147483647;
			files = (
			);
			runOnlyForDeploymentPostprocessing = 0;
		};
/* End PBXFrameworksBuildPhase section */

/* Begin PBXGroup section */
		AA00000000000000000060AA /* Products */ = {
			isa = PBXGroup;
			children = (
				AA0000000000000000002099 /* Leihgut.app */,
			);
			name = Products;
			sourceTree = "<group>";
		};
		AA00000000000000000061AA /* Leihgut */ = {
			isa = PBXGroup;
			children = (
				AA0000000000000000002001 /* LeihgutApp.swift */,
				AA0000000000000000002002 /* ContentView.swift */,
				AA0000000000000000002003 /* AppStore.swift */,
				AA0000000000000000002004 /* Item.swift */,
				AA0000000000000000002005 /* Person.swift */,
				AA0000000000000000002006 /* Loan.swift */,
				AA0000000000000000002007 /* MoneyDebt.swift */,
				AA0000000000000000002008 /* DashboardView.swift */,
				AA0000000000000000002009 /* ItemsView.swift */,
				AA000000000000000000200A /* AddItemView.swift */,
				AA000000000000000000200B /* LoansView.swift */,
				AA000000000000000000200C /* AddLoanView.swift */,
				AA000000000000000000200D /* MoneyView.swift */,
				AA000000000000000000200E /* AddMoneyDebtView.swift */,
				AA000000000000000000200F /* PersonDetailView.swift */,
				AA0000000000000000002010 /* Assets.xcassets */,
			);
			path = Leihgut;
			sourceTree = "<group>";
		};
		AA00000000000000000062AA /* MainGroup */ = {
			isa = PBXGroup;
			children = (
				AA00000000000000000061AA /* Leihgut */,
				AA00000000000000000060AA /* Products */,
			);
			sourceTree = "<group>";
		};
/* End PBXGroup section */

/* Begin PBXNativeTarget section */
		AA00000000000000000070AA /* Leihgut */ = {
			isa = PBXNativeTarget;
			buildConfigurationList = AA00000000000000000080AA /* Build configuration list for PBXNativeTarget "Leihgut" */;
			buildPhases = (
				AA00000000000000000051AA /* Sources */,
				AA00000000000000000050AA /* Frameworks */,
				AA00000000000000000052AA /* Resources */,
			);
			buildRules = (
			);
			dependencies = (
			);
			name = Leihgut;
			productName = Leihgut;
			productReference = AA0000000000000000002099 /* Leihgut.app */;
			productType = "com.apple.product-type.application";
		};
/* End PBXNativeTarget section */

/* Begin PBXProject section */
		AA00000000000000000090AA /* Project object */ = {
			isa = PBXProject;
			attributes = {
				BuildIndependentTargetsInParallel = 1;
				LastSwiftUpdateCheck = 1500;
				LastUpgradeCheck = 1500;
				TargetAttributes = {
					AA00000000000000000070AA = {
						CreatedOnToolsVersion = 15.0;
					};
				};
			};
			buildConfigurationList = AA00000000000000000081AA /* Build configuration list for PBXProject "Leihgut" */;
			compatibilityVersion = "Xcode 14.0";
			developmentRegion = de;
			hasScannedForEncodings = 0;
			knownRegions = (
				de,
				en,
				Base,
			);
			mainGroup = AA00000000000000000062AA;
			productRefGroup = AA00000000000000000060AA /* Products */;
			projectDirPath = "";
			projectRoot = "";
			targets = (
				AA00000000000000000070AA /* Leihgut */,
			);
		};
/* End PBXProject section */

/* Begin PBXResourcesBuildPhase section */
		AA00000000000000000052AA /* Resources */ = {
			isa = PBXResourcesBuildPhase;
			buildActionMask = 2147483647;
			files = (
				AA0000000000000000001010 /* Assets.xcassets in Resources */,
			);
			runOnlyForDeploymentPostprocessing = 0;
		};
/* End PBXResourcesBuildPhase section */

/* Begin PBXSourcesBuildPhase section */
		AA00000000000000000051AA /* Sources */ = {
			isa = PBXSourcesBuildPhase;
			buildActionMask = 2147483647;
			files = (
				AA0000000000000000001001 /* LeihgutApp.swift in Sources */,
				AA0000000000000000001002 /* ContentView.swift in Sources */,
				AA0000000000000000001003 /* AppStore.swift in Sources */,
				AA0000000000000000001004 /* Item.swift in Sources */,
				AA0000000000000000001005 /* Person.swift in Sources */,
				AA0000000000000000001006 /* Loan.swift in Sources */,
				AA0000000000000000001007 /* MoneyDebt.swift in Sources */,
				AA0000000000000000001008 /* DashboardView.swift in Sources */,
				AA0000000000000000001009 /* ItemsView.swift in Sources */,
				AA000000000000000000100A /* AddItemView.swift in Sources */,
				AA000000000000000000100B /* LoansView.swift in Sources */,
				AA000000000000000000100C /* AddLoanView.swift in Sources */,
				AA000000000000000000100D /* MoneyView.swift in Sources */,
				AA000000000000000000100E /* AddMoneyDebtView.swift in Sources */,
				AA000000000000000000100F /* PersonDetailView.swift in Sources */,
			);
			runOnlyForDeploymentPostprocessing = 0;
		};
/* End PBXSourcesBuildPhase section */

/* Begin XCBuildConfiguration section */
		AA000000000000000000B001 /* Debug */ = {
			isa = XCBuildConfiguration;
			buildSettings = {
				ALWAYS_SEARCH_USER_PATHS = NO;
				ASSETCATALOG_COMPILER_GENERATE_SWIFT_ASSET_SYMBOL_EXTENSIONS = YES;
				CLANG_ANALYZER_NONNULL = YES;
				CLANG_ANALYZER_NUMBER_OBJECT_CONVERSION = YES_AGGRESSIVE;
				CLANG_CXX_LANGUAGE_STANDARD = "gnu++20";
				CLANG_ENABLE_MODULES = YES;
				CLANG_ENABLE_OBJC_ARC = YES;
				CLANG_ENABLE_OBJC_WEAK = YES;
				CLANG_WARN_BLOCK_CAPTURE_AUTORELEASING = YES;
				CLANG_WARN_BOOL_CONVERSION = YES;
				CLANG_WARN_COMMA = YES;
				CLANG_WARN_CONSTANT_CONVERSION = YES;
				CLANG_WARN_DEPRECATED_OBJC_IMPLEMENTATIONS = YES;
				CLANG_WARN_DIRECT_OBJC_ISA_USAGE = YES_ERROR;
				CLANG_WARN_DOCUMENTATION_COMMENTS = YES;
				CLANG_WARN_EMPTY_BODY = YES;
				CLANG_WARN_ENUM_CONVERSION = YES;
				CLANG_WARN_INFINITE_RECURSION = YES;
				CLANG_WARN_INT_CONVERSION = YES;
				CLANG_WARN_NON_LITERAL_NULL_CONVERSION = YES;
				CLANG_WARN_OBJC_IMPLICIT_RETAIN_CYCLE = YES;
				CLANG_WARN_OBJC_LITERAL_CONVERSION = YES;
				CLANG_WARN_OBJC_ROOT_CLASS = YES_ERROR;
				CLANG_WARN_QUOTED_INCLUDE_IN_FRAMEWORK_HEADER = YES;
				CLANG_WARN_RANGE_LOOP_ANALYSIS = YES;
				CLANG_WARN_STRICT_PROTOTYPES = YES;
				CLANG_WARN_SUSPICIOUS_MOVE = YES;
				CLANG_WARN_UNGUARDED_AVAILABILITY = YES_AGGRESSIVE;
				CLANG_WARN_UNREACHABLE_CODE = YES;
				CLANG_WARN__DUPLICATE_METHOD_MATCH = YES;
				COPY_PHASE_STRIP = NO;
				DEBUG_INFORMATION_FORMAT = dwarf;
				ENABLE_STRICT_OBJC_MSGSEND = YES;
				ENABLE_TESTABILITY = YES;
				ENABLE_USER_SCRIPT_SANDBOXING = YES;
				GCC_C_LANGUAGE_STANDARD = gnu17;
				GCC_DYNAMIC_NO_PIC = NO;
				GCC_NO_COMMON_BLOCKS = YES;
				GCC_OPTIMIZATION_LEVEL = 0;
				GCC_PREPROCESSOR_DEFINITIONS = (
					"DEBUG=1",
					"$(inherited)",
				);
				GCC_WARN_64_TO_32_BIT_CONVERSION = YES;
				GCC_WARN_ABOUT_RETURN_TYPE = YES_ERROR;
				GCC_WARN_UNDECLARED_SELECTOR = YES;
				GCC_WARN_UNINITIALIZED_AUTOS = YES_AGGRESSIVE;
				GCC_WARN_UNUSED_FUNCTION = YES;
				GCC_WARN_UNUSED_VARIABLE = YES;
				IPHONEOS_DEPLOYMENT_TARGET = 16.0;
				MTL_ENABLE_DEBUG_INFO = INCLUDE_SOURCE;
				MTL_FAST_MATH = YES;
				ONLY_ACTIVE_ARCH = YES;
				SDKROOT = iphoneos;
				SWIFT_ACTIVE_COMPILATION_CONDITIONS = "DEBUG $(inherited)";
				SWIFT_OPTIMIZATION_LEVEL = "-Onone";
			};
			name = Debug;
		};
		AA000000000000000000B002 /* Release */ = {
			isa = XCBuildConfiguration;
			buildSettings = {
				ALWAYS_SEARCH_USER_PATHS = NO;
				ASSETCATALOG_COMPILER_GENERATE_SWIFT_ASSET_SYMBOL_EXTENSIONS = YES;
				CLANG_ANALYZER_NONNULL = YES;
				CLANG_ANALYZER_NUMBER_OBJECT_CONVERSION = YES_AGGRESSIVE;
				CLANG_CXX_LANGUAGE_STANDARD = "gnu++20";
				CLANG_ENABLE_MODULES = YES;
				CLANG_ENABLE_OBJC_ARC = YES;
				CLANG_ENABLE_OBJC_WEAK = YES;
				CLANG_WARN_BLOCK_CAPTURE_AUTORELEASING = YES;
				CLANG_WARN_BOOL_CONVERSION = YES;
				CLANG_WARN_COMMA = YES;
				CLANG_WARN_CONSTANT_CONVERSION = YES;
				CLANG_WARN_DEPRECATED_OBJC_IMPLEMENTATIONS = YES;
				CLANG_WARN_DIRECT_OBJC_ISA_USAGE = YES_ERROR;
				CLANG_WARN_DOCUMENTATION_COMMENTS = YES;
				CLANG_WARN_EMPTY_BODY = YES;
				CLANG_WARN_ENUM_CONVERSION = YES;
				CLANG_WARN_INFINITE_RECURSION = YES;
				CLANG_WARN_INT_CONVERSION = YES;
				CLANG_WARN_NON_LITERAL_NULL_CONVERSION = YES;
				CLANG_WARN_OBJC_IMPLICIT_RETAIN_CYCLE = YES;
				CLANG_WARN_OBJC_LITERAL_CONVERSION = YES;
				CLANG_WARN_OBJC_ROOT_CLASS = YES_ERROR;
				CLANG_WARN_QUOTED_INCLUDE_IN_FRAMEWORK_HEADER = YES;
				CLANG_WARN_RANGE_LOOP_ANALYSIS = YES;
				CLANG_WARN_STRICT_PROTOTYPES = YES;
				CLANG_WARN_SUSPICIOUS_MOVE = YES;
				CLANG_WARN_UNGUARDED_AVAILABILITY = YES_AGGRESSIVE;
				CLANG_WARN_UNREACHABLE_CODE = YES;
				CLANG_WARN__DUPLICATE_METHOD_MATCH = YES;
				COPY_PHASE_STRIP = NO;
				DEBUG_INFORMATION_FORMAT = "dwarf-with-dsym";
				ENABLE_NS_ASSERTIONS = NO;
				ENABLE_STRICT_OBJC_MSGSEND = YES;
				ENABLE_USER_SCRIPT_SANDBOXING = YES;
				GCC_C_LANGUAGE_STANDARD = gnu17;
				GCC_NO_COMMON_BLOCKS = YES;
				GCC_WARN_64_TO_32_BIT_CONVERSION = YES;
				GCC_WARN_ABOUT_RETURN_TYPE = YES_ERROR;
				GCC_WARN_UNDECLARED_SELECTOR = YES;
				GCC_WARN_UNINITIALIZED_AUTOS = YES_AGGRESSIVE;
				GCC_WARN_UNUSED_FUNCTION = YES;
				GCC_WARN_UNUSED_VARIABLE = YES;
				IPHONEOS_DEPLOYMENT_TARGET = 16.0;
				MTL_FAST_MATH = YES;
				SDKROOT = iphoneos;
				SWIFT_COMPILATION_MODE = wholemodule;
				VALIDATE_PRODUCT = YES;
			};
			name = Release;
		};
		AA000000000000000000B003 /* Debug */ = {
			isa = XCBuildConfiguration;
			buildSettings = {
				ASSETCATALOG_COMPILER_APPICON_NAME = AppIcon;
				ASSETCATALOG_COMPILER_GLOBAL_ACCENT_COLOR_NAME = AccentColor;
				CODE_SIGN_STYLE = Automatic;
				CURRENT_PROJECT_VERSION = 1;
				DEVELOPMENT_ASSET_PATHS = "";
				ENABLE_PREVIEWS = YES;
				GENERATE_INFOPLIST_FILE = YES;
				INFOPLIST_KEY_UIApplicationSceneManifest_Generation = YES;
				INFOPLIST_KEY_UIApplicationSupportsIndirectInputEvents = YES;
				INFOPLIST_KEY_UILaunchScreen_Generation = YES;
				INFOPLIST_KEY_UISupportedInterfaceOrientations_iPhone = "UIInterfaceOrientationPortrait UIInterfaceOrientationLandscapeLeft UIInterfaceOrientationLandscapeRight";
				LD_RUNPATH_SEARCH_PATHS = (
					"$(inherited)",
					"@executable_path/Frameworks",
				);
				MARKETING_VERSION = 1.0;
				PRODUCT_BUNDLE_IDENTIFIER = com.leihgut.app;
				PRODUCT_NAME = "$(TARGET_NAME)";
				SUPPORTED_PLATFORMS = iphoneos;
				SUPPORTS_MACCATALYST = NO;
				SWIFT_EMIT_LOC_STRINGS = YES;
				SWIFT_VERSION = 5.0;
				TARGETED_DEVICE_FAMILY = "1,2";
			};
			name = Debug;
		};
		AA000000000000000000B004 /* Release */ = {
			isa = XCBuildConfiguration;
			buildSettings = {
				ASSETCATALOG_COMPILER_APPICON_NAME = AppIcon;
				ASSETCATALOG_COMPILER_GLOBAL_ACCENT_COLOR_NAME = AccentColor;
				CODE_SIGN_STYLE = Automatic;
				CURRENT_PROJECT_VERSION = 1;
				DEVELOPMENT_ASSET_PATHS = "";
				ENABLE_PREVIEWS = YES;
				GENERATE_INFOPLIST_FILE = YES;
				INFOPLIST_KEY_UIApplicationSceneManifest_Generation = YES;
				INFOPLIST_KEY_UIApplicationSupportsIndirectInputEvents = YES;
				INFOPLIST_KEY_UILaunchScreen_Generation = YES;
				INFOPLIST_KEY_UISupportedInterfaceOrientations_iPhone = "UIInterfaceOrientationPortrait UIInterfaceOrientationLandscapeLeft UIInterfaceOrientationLandscapeRight";
				LD_RUNPATH_SEARCH_PATHS = (
					"$(inherited)",
					"@executable_path/Frameworks",
				);
				MARKETING_VERSION = 1.0;
				PRODUCT_BUNDLE_IDENTIFIER = com.leihgut.app;
				PRODUCT_NAME = "$(TARGET_NAME)";
				SUPPORTED_PLATFORMS = iphoneos;
				SUPPORTS_MACCATALYST = NO;
				SWIFT_EMIT_LOC_STRINGS = YES;
				SWIFT_VERSION = 5.0;
				TARGETED_DEVICE_FAMILY = "1,2";
			};
			name = Release;
		};
/* End XCBuildConfiguration section */

/* Begin XCConfigurationList section */
		AA00000000000000000081AA /* Build configuration list for PBXProject "Leihgut" */ = {
			isa = XCConfigurationList;
			buildConfigurations = (
				AA000000000000000000B001 /* Debug */,
				AA000000000000000000B002 /* Release */,
			);
			defaultConfigurationIsVisible = 0;
			defaultConfigurationName = Release;
		};
		AA00000000000000000080AA /* Build configuration list for PBXNativeTarget "Leihgut" */ = {
			isa = XCConfigurationList;
			buildConfigurations = (
				AA000000000000000000B003 /* Debug */,
				AA000000000000000000B004 /* Release */,
			);
			defaultConfigurationIsVisible = 0;
			defaultConfigurationName = Release;
		};
/* End XCConfigurationList section */

	};
	rootObject = AA00000000000000000090AA /* Project object */;
}
